{
  "version": 4,
  "terraform_version": "1.11.4",
  "serial": 282,
  "lineage": "33a77cd7-5d4f-2d8e-14f4-f3b8230ac268",
  "outputs": {
    "backend_ssh_command": {
      "value": "ssh -i ~/.ssh/yandex_cloud_key ubuntu@51.250.42.151",
      "type": "string"
    },
    "db_connection": {
      "value": {
        "database": "webbooks",
        "host": "10.130.0.24",
        "password": "password",
        "username": "postgres"
      },
      "type": [
        "object",
        {
          "database": "string",
          "host": "string",
          "password": "string",
          "username": "string"
        }
      ],
      "sensitive": true
    },
    "frontend_url": {
      "value": "http://84.201.181.53",
      "type": "string"
    }
  },
  "resources": [
    {
      "mode": "data",
      "type": "yandex_compute_image",
      "name": "ubuntu",
      "provider": "provider[\"registry.terraform.io/yandex-cloud/yandex\"]",
      "instances": [
        {
          "schema_version": 0,
          "attributes": {
            "created_at": "2025-05-05T11:04:34Z",
            "description": "Ubuntu 20.04 lts v20250502010615",
            "family": "ubuntu-2004-lts",
            "folder_id": "standard-images",
            "hardware_generation": [
              {
                "generation2_features": [],
                "legacy_features": [
                  {
                    "pci_topology": "PCI_TOPOLOGY_V2"
                  }
                ]
              }
            ],
            "id": "fd87b0ap5iasljevo9sl",
            "image_id": "fd87b0ap5iasljevo9sl",
            "kms_key_id": null,
            "labels": {
              "version": "20250502010615"
            },
            "min_disk_size": 5,
            "name": "ubuntu-20-04-lts-v20250505",
            "os_type": "linux",
            "pooled": true,
            "product_ids": [
              "f2escfpes29rredqqem6"
            ],
            "size": 2,
            "status": "ready"
          },
          "sensitive_attributes": []
        }
      ]
    },
    {
      "mode": "data",
      "type": "yandex_vpc_network",
      "name": "network",
      "provider": "provider[\"registry.terraform.io/yandex-cloud/yandex\"]",
      "instances": [
        {
          "schema_version": 0,
          "attributes": {
            "created_at": "2025-04-29T14:27:30Z",
            "default_security_group_id": "enpjr71amms14ovqfora",
            "description": "Auto-created network",
            "folder_id": "b1g252e6u1llb1mutq7n",
            "id": "enpgk3s7om7flad8ml7l",
            "labels": {},
            "name": "default",
            "network_id": "enpgk3s7om7flad8ml7l",
            "subnet_ids": [
              "e2lbe8rla2a1tdtcblsp",
              "e9bdi6o5ruv8lutt39f7",
              "fl8bdirjo7i8kojk61gf"
            ]
          },
          "sensitive_attributes": []
        }
      ]
    },
    {
      "mode": "data",
      "type": "yandex_vpc_security_group",
      "name": "db_sg",
      "provider": "provider[\"registry.terraform.io/yandex-cloud/yandex\"]",
      "instances": [
        {
          "schema_version": 0,
          "attributes": {
            "created_at": "2025-04-29T14:27:32Z",
            "description": "Default security group for network",
            "egress": [
              {
                "description": "",
                "from_port": -1,
                "id": "enpe2al4sm0a4luom2m7",
                "labels": {},
                "port": -1,
                "predefined_target": "",
                "protocol": "ANY",
                "security_group_id": "",
                "to_port": -1,
                "v4_cidr_blocks": [
                  "0.0.0.0/0"
                ],
                "v6_cidr_blocks": []
              }
            ],
            "folder_id": "b1g252e6u1llb1mutq7n",
            "id": "enpjr71amms14ovqfora",
            "ingress": [
              {
                "description": "",
                "from_port": 0,
                "id": "enposhlkvmi22nd2p30a",
                "labels": {},
                "port": -1,
                "predefined_target": "",
                "protocol": "ANY",
                "security_group_id": "",
                "to_port": 65535,
                "v4_cidr_blocks": [
                  "0.0.0.0/0"
                ],
                "v6_cidr_blocks": []
              }
            ],
            "labels": {},
            "name": "default-sg-enpgk3s7om7flad8ml7l",
            "network_id": "enpgk3s7om7flad8ml7l",
            "security_group_id": "enpjr71amms14ovqfora",
            "status": "ACTIVE"
          },
          "sensitive_attributes": []
        }
      ]
    },
    {
      "mode": "data",
      "type": "yandex_vpc_subnet",
      "name": "subnet",
      "provider": "provider[\"registry.terraform.io/yandex-cloud/yandex\"]",
      "instances": [
        {
          "schema_version": 0,
          "attributes": {
            "created_at": "2025-04-29T14:27:33Z",
            "description": "Auto-created default subnet for zone ru-central1-d in default",
            "dhcp_options": [],
            "folder_id": "b1g252e6u1llb1mutq7n",
            "id": "fl8bdirjo7i8kojk61gf",
            "labels": {},
            "name": "default-ru-central1-d",
            "network_id": "enpgk3s7om7flad8ml7l",
            "route_table_id": "",
            "subnet_id": "fl8bdirjo7i8kojk61gf",
            "v4_cidr_blocks": [
              "10.130.0.0/24"
            ],
            "v6_cidr_blocks": [],
            "zone": "ru-central1-d"
          },
          "sensitive_attributes": []
        }
      ]
    },
    {
      "mode": "managed",
      "type": "yandex_compute_instance",
      "name": "backend",
      "provider": "provider[\"registry.terraform.io/yandex-cloud/yandex\"]",
      "instances": [
        {
          "schema_version": 1,
          "attributes": {
            "allow_recreate": null,
            "allow_stopping_for_update": null,
            "boot_disk": [
              {
                "auto_delete": true,
                "device_name": "fv46ggjs2f0mfuirijg1",
                "disk_id": "fv46ggjs2f0mfuirijg1",
                "initialize_params": [
                  {
                    "block_size": 4096,
                    "description": "",
                    "image_id": "fd87b0ap5iasljevo9sl",
                    "kms_key_id": "",
                    "name": "",
                    "size": 20,
                    "snapshot_id": "",
                    "type": "network-hdd"
                  }
                ],
                "mode": "READ_WRITE"
              }
            ],
            "created_at": "2025-05-07T04:52:48Z",
            "description": "",
            "filesystem": [],
            "folder_id": "b1g252e6u1llb1mutq7n",
            "fqdn": "fv451e4c80vm65k3p8mn.auto.internal",
            "gpu_cluster_id": "",
            "hardware_generation": [
              {
                "generation2_features": [],
                "legacy_features": [
                  {
                    "pci_topology": "PCI_TOPOLOGY_V2"
                  }
                ]
              }
            ],
            "hostname": "",
            "id": "fv451e4c80vm65k3p8mn",
            "labels": {},
            "local_disk": [],
            "maintenance_grace_period": "",
            "maintenance_policy": null,
            "metadata": {
              "ssh-keys": "ubuntu:ssh-ed25519 AAAAC3NzaC1lZDI1NTE5AAAAINLve+iIQja1Y9DBp6TSd8w9rZcEyhbP/daQxGWMr7wE scyvocer@gmail.com\n"
            },
            "metadata_options": [
              {
                "aws_v1_http_endpoint": 1,
                "aws_v1_http_token": 2,
                "gce_http_endpoint": 1,
                "gce_http_token": 1
              }
            ],
            "name": "backend",
            "network_acceleration_type": "standard",
            "network_interface": [
              {
                "dns_record": [],
                "index": 0,
                "ip_address": "10.130.0.23",
                "ipv4": true,
                "ipv6": false,
                "ipv6_address": "",
                "ipv6_dns_record": [],
                "mac_address": "d0:0d:50:b8:8c:40",
                "nat": true,
                "nat_dns_record": [],
                "nat_ip_address": "51.250.42.151",
                "nat_ip_version": "IPV4",
                "security_group_ids": [],
                "subnet_id": "fl8bdirjo7i8kojk61gf"
              }
            ],
            "placement_policy": [
              {
                "host_affinity_rules": [],
                "placement_group_id": "",
                "placement_group_partition": 0
              }
            ],
            "platform_id": "standard-v3",
            "resources": [
              {
                "core_fraction": 100,
                "cores": 4,
                "gpus": 0,
                "memory": 4
              }
            ],
            "scheduling_policy": [
              {
                "preemptible": false
              }
            ],
            "secondary_disk": [],
            "service_account_id": "",
            "status": "running",
            "timeouts": null,
            "zone": "ru-central1-d"
          },
          "sensitive_attributes": [],
          "private": "eyJlMmJmYjczMC1lY2FhLTExZTYtOGY4OC0zNDM2M2JjN2M0YzAiOnsiY3JlYXRlIjozMDAwMDAwMDAwMDAsImRlbGV0ZSI6MzAwMDAwMDAwMDAwLCJ1cGRhdGUiOjMwMDAwMDAwMDAwMH0sInNjaGVtYV92ZXJzaW9uIjoiMSJ9",
          "dependencies": [
            "data.yandex_compute_image.ubuntu",
            "data.yandex_vpc_security_group.db_sg",
            "data.yandex_vpc_subnet.subnet",
            "yandex_compute_instance.db"
          ]
        }
      ]
    },
    {
      "mode": "managed",
      "type": "yandex_compute_instance",
      "name": "db",
      "provider": "provider[\"registry.terraform.io/yandex-cloud/yandex\"]",
      "instances": [
        {
          "schema_version": 1,
          "attributes": {
            "allow_recreate": null,
            "allow_stopping_for_update": null,
            "boot_disk": [
              {
                "auto_delete": true,
                "device_name": "fv4h3oml4hldpe6ihk2e",
                "disk_id": "fv4h3oml4hldpe6ihk2e",
                "initialize_params": [
                  {
                    "block_size": 4096,
                    "description": "",
                    "image_id": "fd87b0ap5iasljevo9sl",
                    "kms_key_id": "",
                    "name": "",
                    "size": 20,
                    "snapshot_id": "",
                    "type": "network-hdd"
                  }
                ],
                "mode": "READ_WRITE"
              }
            ],
            "created_at": "2025-05-07T04:24:49Z",
            "description": "",
            "filesystem": [],
            "folder_id": "b1g252e6u1llb1mutq7n",
            "fqdn": "fv4g0ul013lqcbk74djn.auto.internal",
            "gpu_cluster_id": "",
            "hardware_generation": [
              {
                "generation2_features": [],
                "legacy_features": [
                  {
                    "pci_topology": "PCI_TOPOLOGY_V2"
                  }
                ]
              }
            ],
            "hostname": "",
            "id": "fv4g0ul013lqcbk74djn",
            "labels": {},
            "local_disk": [],
            "maintenance_grace_period": "",
            "maintenance_policy": null,
            "metadata": {
              "ssh-keys": "ubuntu:ssh-ed25519 AAAAC3NzaC1lZDI1NTE5AAAAINLve+iIQja1Y9DBp6TSd8w9rZcEyhbP/daQxGWMr7wE scyvocer@gmail.com\n"
            },
            "metadata_options": [
              {
                "aws_v1_http_endpoint": 1,
                "aws_v1_http_token": 2,
                "gce_http_endpoint": 1,
                "gce_http_token": 1
              }
            ],
            "name": "db",
            "network_acceleration_type": "standard",
            "network_interface": [
              {
                "dns_record": [],
                "index": 0,
                "ip_address": "10.130.0.24",
                "ipv4": true,
                "ipv6": false,
                "ipv6_address": "",
                "ipv6_dns_record": [],
                "mac_address": "d0:0d:10:07:aa:00",
                "nat": true,
                "nat_dns_record": [],
                "nat_ip_address": "84.201.147.236",
                "nat_ip_version": "IPV4",
                "security_group_ids": [
                  "enpjr71amms14ovqfora"
                ],
                "subnet_id": "fl8bdirjo7i8kojk61gf"
              }
            ],
            "placement_policy": [
              {
                "host_affinity_rules": [],
                "placement_group_id": "",
                "placement_group_partition": 0
              }
            ],
            "platform_id": "standard-v3",
            "resources": [
              {
                "core_fraction": 100,
                "cores": 2,
                "gpus": 0,
                "memory": 4
              }
            ],
            "scheduling_policy": [
              {
                "preemptible": false
              }
            ],
            "secondary_disk": [],
            "service_account_id": "",
            "status": "running",
            "timeouts": null,
            "zone": "ru-central1-d"
          },
          "sensitive_attributes": [],
          "private": "eyJlMmJmYjczMC1lY2FhLTExZTYtOGY4OC0zNDM2M2JjN2M0YzAiOnsiY3JlYXRlIjozMDAwMDAwMDAwMDAsImRlbGV0ZSI6MzAwMDAwMDAwMDAwLCJ1cGRhdGUiOjMwMDAwMDAwMDAwMH0sInNjaGVtYV92ZXJzaW9uIjoiMSJ9",
          "dependencies": [
            "data.yandex_compute_image.ubuntu",
            "data.yandex_vpc_security_group.db_sg",
            "data.yandex_vpc_subnet.subnet"
          ]
        }
      ]
    },
    {
      "mode": "managed",
      "type": "yandex_compute_instance",
      "name": "frontend",
      "provider": "provider[\"registry.terraform.io/yandex-cloud/yandex\"]",
      "instances": [
        {
          "schema_version": 1,
          "attributes": {
            "allow_recreate": null,
            "allow_stopping_for_update": null,
            "boot_disk": [
              {
                "auto_delete": true,
                "device_name": "fv4s0vpqo3775hlfqngj",
                "disk_id": "fv4s0vpqo3775hlfqngj",
                "initialize_params": [
                  {
                    "block_size": 4096,
                    "description": "",
                    "image_id": "fd87b0ap5iasljevo9sl",
                    "kms_key_id": "",
                    "name": "",
                    "size": 10,
                    "snapshot_id": "",
                    "type": "network-hdd"
                  }
                ],
                "mode": "READ_WRITE"
              }
            ],
            "created_at": "2025-05-07T05:14:23Z",
            "description": "",
            "filesystem": [],
            "folder_id": "b1g252e6u1llb1mutq7n",
            "fqdn": "fv4ri0d2q277lunp21mq.auto.internal",
            "gpu_cluster_id": "",
            "hardware_generation": [
              {
                "generation2_features": [],
                "legacy_features": [
                  {
                    "pci_topology": "PCI_TOPOLOGY_V2"
                  }
                ]
              }
            ],
            "hostname": "",
            "id": "fv4ri0d2q277lunp21mq",
            "labels": null,
            "local_disk": [],
            "maintenance_grace_period": "",
            "maintenance_policy": null,
            "metadata": {
              "ssh-keys": "ubuntu:ssh-ed25519 AAAAC3NzaC1lZDI1NTE5AAAAINLve+iIQja1Y9DBp6TSd8w9rZcEyhbP/daQxGWMr7wE scyvocer@gmail.com\n"
            },
            "metadata_options": [
              {
                "aws_v1_http_endpoint": 1,
                "aws_v1_http_token": 2,
                "gce_http_endpoint": 1,
                "gce_http_token": 1
              }
            ],
            "name": "frontend",
            "network_acceleration_type": "standard",
            "network_interface": [
              {
                "dns_record": [],
                "index": 0,
                "ip_address": "10.130.0.22",
                "ipv4": true,
                "ipv6": false,
                "ipv6_address": "",
                "ipv6_dns_record": [],
                "mac_address": "d0:0d:1b:90:1a:2d",
                "nat": true,
                "nat_dns_record": [],
                "nat_ip_address": "84.201.181.53",
                "nat_ip_version": "IPV4",
                "security_group_ids": [],
                "subnet_id": "fl8bdirjo7i8kojk61gf"
              }
            ],
            "placement_policy": [
              {
                "host_affinity_rules": [],
                "placement_group_id": "",
                "placement_group_partition": 0
              }
            ],
            "platform_id": "standard-v3",
            "resources": [
              {
                "core_fraction": 100,
                "cores": 2,
                "gpus": 0,
                "memory": 2
              }
            ],
            "scheduling_policy": [
              {
                "preemptible": false
              }
            ],
            "secondary_disk": [],
            "service_account_id": "",
            "status": "running",
            "timeouts": null,
            "zone": "ru-central1-d"
          },
          "sensitive_attributes": [],
          "private": "eyJlMmJmYjczMC1lY2FhLTExZTYtOGY4OC0zNDM2M2JjN2M0YzAiOnsiY3JlYXRlIjozMDAwMDAwMDAwMDAsImRlbGV0ZSI6MzAwMDAwMDAwMDAwLCJ1cGRhdGUiOjMwMDAwMDAwMDAwMH0sInNjaGVtYV92ZXJzaW9uIjoiMSJ9",
          "dependencies": [
            "data.yandex_compute_image.ubuntu",
            "data.yandex_vpc_security_group.db_sg",
            "data.yandex_vpc_subnet.subnet",
            "yandex_compute_instance.backend",
            "yandex_compute_instance.db"
          ]
        }
      ]
    },
    {
      "mode": "managed",
      "type": "yandex_compute_instance",
      "name": "nat_instance",
      "provider": "provider[\"registry.terraform.io/yandex-cloud/yandex\"]",
      "instances": [
        {
          "schema_version": 1,
          "attributes": {
            "allow_recreate": null,
            "allow_stopping_for_update": null,
            "boot_disk": [
              {
                "auto_delete": true,
                "device_name": "fv49gm7gkftotpmrb8lp",
                "disk_id": "fv49gm7gkftotpmrb8lp",
                "initialize_params": [
                  {
                    "block_size": 4096,
                    "description": "",
                    "image_id": "fd80mrhj8fl2oe87o4e1",
                    "kms_key_id": "",
                    "name": "",
                    "size": 10,
                    "snapshot_id": "",
                    "type": "network-hdd"
                  }
                ],
                "mode": "READ_WRITE"
              }
            ],
            "created_at": "2025-05-07T04:24:48Z",
            "description": "",
            "filesystem": [],
            "folder_id": "b1g252e6u1llb1mutq7n",
            "fqdn": "fv40vkoapdhf2vvhu4dr.auto.internal",
            "gpu_cluster_id": "",
            "hardware_generation": [
              {
                "generation2_features": [],
                "legacy_features": [
                  {
                    "pci_topology": "PCI_TOPOLOGY_V1"
                  }
                ]
              }
            ],
            "hostname": "",
            "id": "fv40vkoapdhf2vvhu4dr",
            "labels": {},
            "local_disk": [],
            "maintenance_grace_period": "",
            "maintenance_policy": null,
            "metadata": {
              "ssh-keys": "ubuntu:ssh-ed25519 AAAAC3NzaC1lZDI1NTE5AAAAINLve+iIQja1Y9DBp6TSd8w9rZcEyhbP/daQxGWMr7wE scyvocer@gmail.com\n"
            },
            "metadata_options": [
              {
                "aws_v1_http_endpoint": 1,
                "aws_v1_http_token": 2,
                "gce_http_endpoint": 1,
                "gce_http_token": 1
              }
            ],
            "name": "nat-instance",
            "network_acceleration_type": "standard",
            "network_interface": [
              {
                "dns_record": [],
                "index": 0,
                "ip_address": "10.130.0.21",
                "ipv4": true,
                "ipv6": false,
                "ipv6_address": "",
                "ipv6_dns_record": [],
                "mac_address": "d0:0d:fd:30:ac:b6",
                "nat": true,
                "nat_dns_record": [],
                "nat_ip_address": "84.252.133.36",
                "nat_ip_version": "IPV4",
                "security_group_ids": [],
                "subnet_id": "fl8bdirjo7i8kojk61gf"
              }
            ],
            "placement_policy": [
              {
                "host_affinity_rules": [],
                "placement_group_id": "",
                "placement_group_partition": 0
              }
            ],
            "platform_id": "standard-v3",
            "resources": [
              {
                "core_fraction": 100,
                "cores": 2,
                "gpus": 0,
                "memory": 2
              }
            ],
            "scheduling_policy": [
              {
                "preemptible": false
              }
            ],
            "secondary_disk": [],
            "service_account_id": "",
            "status": "running",
            "timeouts": null,
            "zone": "ru-central1-d"
          },
          "sensitive_attributes": [],
          "private": "eyJlMmJmYjczMC1lY2FhLTExZTYtOGY4OC0zNDM2M2JjN2M0YzAiOnsiY3JlYXRlIjozMDAwMDAwMDAwMDAsImRlbGV0ZSI6MzAwMDAwMDAwMDAwLCJ1cGRhdGUiOjMwMDAwMDAwMDAwMH0sInNjaGVtYV92ZXJzaW9uIjoiMSJ9",
          "dependencies": [
            "data.yandex_vpc_subnet.subnet"
          ]
        }
      ]
    },
    {
      "mode": "managed",
      "type": "yandex_vpc_route_table",
      "name": "nat_route",
      "provider": "provider[\"registry.terraform.io/yandex-cloud/yandex\"]",
      "instances": [
        {
          "schema_version": 0,
          "attributes": {
            "created_at": "2025-05-07T04:25:21Z",
            "description": "",
            "folder_id": "b1g252e6u1llb1mutq7n",
            "id": "enpdp0br3hofvkbe2ht2",
            "labels": {},
            "name": "nat-route",
            "network_id": "enpgk3s7om7flad8ml7l",
            "static_route": [
              {
                "destination_prefix": "0.0.0.0/0",
                "gateway_id": "",
                "next_hop_address": "10.130.0.21"
              }
            ],
            "timeouts": null
          },
          "sensitive_attributes": [],
          "private": "eyJlMmJmYjczMC1lY2FhLTExZTYtOGY4OC0zNDM2M2JjN2M0YzAiOnsiY3JlYXRlIjoxODAwMDAwMDAwMDAsImRlbGV0ZSI6MTgwMDAwMDAwMDAwLCJ1cGRhdGUiOjE4MDAwMDAwMDAwMH19",
          "dependencies": [
            "data.yandex_vpc_network.network",
            "data.yandex_vpc_subnet.subnet",
            "yandex_compute_instance.nat_instance"
          ]
        }
      ]
    }
  ],
  "check_results": null
}
